// !$*UTF8*$!
{
	archiveVersion = 1;
	classes = {
	};
	objectVersion = 56;
	objects = {

/* Begin PBXBuildFile section */
		663F715D2AC1E1C70026887D /* AppDelegate.swift in Sources */ = {isa = PBXBuildFile; fileRef = 663F715C2AC1E1C70026887D /* AppDelegate.swift */; };
		663F715F2AC1E1C70026887D /* SceneDelegate.swift in Sources */ = {isa = PBXBuildFile; fileRef = 663F715E2AC1E1C70026887D /* SceneDelegate.swift */; };
		663F71642AC1E1C70026887D /* Main.storyboard in Resources */ = {isa = PBXBuildFile; fileRef = 663F71622AC1E1C70026887D /* Main.storyboard */; };
		663F71662AC1E1C80026887D /* Assets.xcassets in Resources */ = {isa = PBXBuildFile; fileRef = 663F71652AC1E1C80026887D /* Assets.xcassets */; };
		663F71692AC1E1C80026887D /* LaunchScreen.storyboard in Resources */ = {isa = PBXBuildFile; fileRef = 663F71672AC1E1C80026887D /* LaunchScreen.storyboard */; };
		663F71712AC1E7FD0026887D /* FamilyStruct.swift in Sources */ = {isa = PBXBuildFile; fileRef = 663F71702AC1E7FD0026887D /* FamilyStruct.swift */; };
		663F71752AC324930026887D /* FamViewController.swift in Sources */ = {isa = PBXBuildFile; fileRef = 663F71742AC324930026887D /* FamViewController.swift */; };
		66668F5A2AFBE3320021EB9F /* FamilyMembersTableViewController.swift in Sources */ = {isa = PBXBuildFile; fileRef = 66668F592AFBE3320021EB9F /* FamilyMembersTableViewController.swift */; };
/* End PBXBuildFile section */

/* Begin PBXFileReference section */
		663F71592AC1E1C70026887D /* IntroduceMyFamily.app */ = {isa = PBXFileReference; explicitFileType = wrapper.application; includeInIndex = 0; path = IntroduceMyFamily.app; sourceTree = BUILT_PRODUCTS_DIR; };
		663F715C2AC1E1C70026887D /* AppDelegate.swift */ = {isa = PBXFileReference; lastKnownFileType = sourcecode.swift; path = AppDelegate.swift; sourceTree = "<group>"; };
		663F715E2AC1E1C70026887D /* SceneDelegate.swift */ = {isa = PBXFileReference; lastKnownFileType = sourcecode.swift; path = SceneDelegate.swift; sourceTree = "<group>"; };
		663F71632AC1E1C70026887D /* Base */ = {isa = PBXFileReference; lastKnownFileType = file.storyboard; name = Base; path = Base.lproj/Main.storyboard; sourceTree = "<group>"; };
		663F71652AC1E1C80026887D /* Assets.xcassets */ = {isa = PBXFileReference; lastKnownFileType = folder.assetcatalog; path = Assets.xcassets; sourceTree = "<group>"; };
		663F71682AC1E1C80026887D /* Base */ = {isa = PBXFileReference; lastKnownFileType = file.storyboard; name = Base; path = Base.lproj/LaunchScreen.storyboard; sourceTree = "<group>"; };
		663F716A2AC1E1C80026887D /* Info.plist */ = {isa = PBXFileReference; lastKnownFileType = text.plist.xml; path = Info.plist; sourceTree = "<group>"; };
		663F71702AC1E7FD0026887D /* FamilyStruct.swift */ = {isa = PBXFileReference; lastKnownFileType = sourcecode.swift; path = FamilyStruct.swift; sourceTree = "<group>"; };
		663F71742AC324930026887D /* FamViewController.swift */ = {isa = PBXFileReference; lastKnownFileType = sourcecode.swift; name = FamViewController.swift; path = ../FamViewController.swift; sourceTree = "<group>"; };
		66668F592AFBE3320021EB9F /* FamilyMembersTableViewController.swift */ = {isa = PBXFileReference; lastKnownFileType = sourcecode.swift; path = FamilyMembersTableViewController.swift; sourceTree = "<group>"; };
/* End PBXFileReference section */

/* Begin PBXFrameworksBuildPhase section */
		663F71562AC1E1C70026887D /* Frameworks */ = {
			isa = PBXFrameworksBuildPhase;
			buildActionMask = 2147483647;
			files = (
			);
			runOnlyForDeploymentPostprocessing = 0;
		};
/* End PBXFrameworksBuildPhase section */

/* Begin PBXGroup section */
		663F71502AC1E1C70026887D = {
			isa = PBXGroup;
			children = (
				663F715B2AC1E1C70026887D /* IntroduceMyFamily */,
				663F715A2AC1E1C70026887D /* Products */,
			);
			sourceTree = "<group>";
		};
		663F715A2AC1E1C70026887D /* Products */ = {
			isa = PBXGroup;
			children = (
				663F71592AC1E1C70026887D /* IntroduceMyFamily.app */,
			);
			name = Products;
			sourceTree = "<group>";
		};
		663F715B2AC1E1C70026887D /* IntroduceMyFamily */ = {
			isa = PBXGroup;
			children = (
				663F715C2AC1E1C70026887D /* AppDelegate.swift */,
				663F715E2AC1E1C70026887D /* SceneDelegate.swift */,
				663F71742AC324930026887D /* FamViewController.swift */,
				66668F592AFBE3320021EB9F /* FamilyMembersTableViewController.swift */,
				663F71622AC1E1C70026887D /* Main.storyboard */,
				663F71652AC1E1C80026887D /* Assets.xcassets */,
				663F71702AC1E7FD0026887D /* FamilyStruct.swift */,
				663F71672AC1E1C80026887D /* LaunchScreen.storyboard */,
				663F716A2AC1E1C80026887D /* Info.plist */,
			);
			path = IntroduceMyFamily;
			sourceTree = "<group>";
		};
/* End PBXGroup section */

/* Begin PBXNativeTarget section */
		663F71582AC1E1C70026887D /* IntroduceMyFamily */ = {
			isa = PBXNativeTarget;
			buildConfigurationList = 663F716D2AC1E1C80026887D /* Build configuration list for PBXNativeTarget "IntroduceMyFamily" */;
			buildPhases = (
				663F71552AC1E1C70026887D /* Sources */,
				663F71562AC1E1C70026887D /* Frameworks */,
				663F71572AC1E1C70026887D /* Resources */,
			);
			buildRules = (
			);
			dependencies = (
			);
			name = IntroduceMyFamily;
			productName = IntroduceMyFamily;
			productReference = 663F71592AC1E1C70026887D /* IntroduceMyFamily.app */;
			productType = "com.apple.product-type.application";
		};
/* End PBXNativeTarget section */

/* Begin PBXProject section */
		663F71512AC1E1C70026887D /* Project object */ = {
			isa = PBXProject;
			attributes = {
				BuildIndependentTargetsInParallel = 1;
				LastSwiftUpdateCheck = 1430;
				LastUpgradeCheck = 1430;
				TargetAttributes = {
					663F71582AC1E1C70026887D = {
						CreatedOnToolsVersion = 14.3.1;
					};
				};
			};
			buildConfigurationList = 663F71542AC1E1C70026887D /* Build configuration list for PBXProject "IntroduceMyFamily" */;
			compatibilityVersion = "Xcode 14.0";
			developmentRegion = en;
			hasScannedForEncodings = 0;
			knownRegions = (
				en,
				Base,
			);
			mainGroup = 663F71502AC1E1C70026887D;
			productRefGroup = 663F715A2AC1E1C70026887D /* Products */;
			projectDirPath = "";
			projectRoot = "";
			targets = (
				663F71582AC1E1C70026887D /* IntroduceMyFamily */,
			);
		};
/* End PBXProject section */

/* Begin PBXResourcesBuildPhase section */
		663F71572AC1E1C70026887D /* Resources */ = {
			isa = PBXResourcesBuildPhase;
			buildActionMask = 2147483647;
			files = (
				663F71692AC1E1C80026887D /* LaunchScreen.storyboard in Resources */,
				663F71662AC1E1C80026887D /* Assets.xcassets in Resources */,
				663F71642AC1E1C70026887D /* Main.storyboard in Resources */,
			);
			runOnlyForDeploymentPostprocessing = 0;
		};
/* End PBXResourcesBuildPhase section */

/* Begin PBXSourcesBuildPhase section */
		663F71552AC1E1C70026887D /* Sources */ = {
			isa = PBXSourcesBuildPhase;
			buildActionMask = 2147483647;
			files = (
				663F71752AC324930026887D /* FamViewController.swift in Sources */,
				66668F5A2AFBE3320021EB9F /* FamilyMembersTableViewController.swift in Sources */,
				663F71712AC1E7FD0026887D /* FamilyStruct.swift in Sources */,
				663F715D2AC1E1C70026887D /* AppDelegate.swift in Sources */,
				663F715F2AC1E1C70026887D /* SceneDelegate.swift in Sources */,
			);
			runOnlyForDeploymentPostprocessing = 0;
		};
/* End PBXSourcesBuildPhase section */

/* Begin PBXVariantGroup section */
		663F71622AC1E1C70026887D /* Main.storyboard */ = {
			isa = PBXVariantGroup;
			children = (
				663F71632AC1E1C70026887D /* Base */,
			);
			name = Main.storyboard;
			sourceTree = "<group>";
		};
		663F71672AC1E1C80026887D /* LaunchScreen.storyboard */ = {
			isa = PBXVariantGroup;
			children = (
				663F71682AC1E1C80026887D /* Base */,
			);
			name = LaunchScreen.storyboard;
			sourceTree = "<group>";
		};
/* End PBXVariantGroup section */

/* Begin XCBuildConfiguration section */
		663F716B2AC1E1C80026887D /* Debug */ = {
			isa = XCBuildConfiguration;
			buildSettings = {
				ALWAYS_SEARCH_USER_PATHS = NO;
				CLANG_ANALYZER_NONNULL = YES;
				CLANG_ANALYZER_NUMBER_OBJECT_CONVERSION = YES_AGGRESSIVE;
				CLANG_CXX_LANGUAGE_STANDARD = "gnu++20";
				CLANG_ENABLE_MODULES = YES;
				CLANG_ENABLE_OBJC_ARC = YES;
				CLANG_ENABLE_OBJC_WEAK = YES;
				CLANG_WARN_BLOCK_CAPTURE_AUTORELEASING = YES;
				CLANG_WARN_BOOL_CONVERSION = YES;
				CLANG_WARN_COMMA = YES;
				CLANG_WARN_CONSTANT_CONVERSION = YES;
				CLANG_WARN_DEPRECATED_OBJC_IMPLEMENTATIONS = YES;
				CLANG_WARN_DIRECT_OBJC_ISA_USAGE = YES_ERROR;
				CLANG_WARN_DOCUMENTATION_COMMENTS = YES;
				CLANG_WARN_EMPTY_BODY = YES;
				CLANG_WARN_ENUM_CONVERSION = YES;
				CLANG_WARN_INFINITE_RECURSION = YES;
				CLANG_WARN_INT_CONVERSION = YES;
				CLANG_WARN_NON_LITERAL_NULL_CONVERSION = YES;
				CLANG_WARN_OBJC_IMPLICIT_RETAIN_SELF = YES;
				CLANG_WARN_OBJC_LITERAL_CONVERSION = YES;
				CLANG_WARN_OBJC_ROOT_CLASS = YES_ERROR;
				CLANG_WARN_QUOTED_INCLUDE_IN_FRAMEWORK_HEADER = YES;
				CLANG_WARN_RANGE_LOOP_ANALYSIS = YES;
				CLANG_WARN_STRICT_PROTOTYPES = YES;
				CLANG_WARN_SUSPICIOUS_MOVE = YES;
				CLANG_WARN_UNGUARDED_AVAILABILITY = YES_AGGRESSIVE;
				CLANG_WARN_UNREACHABLE_CODE = YES;
				CLANG_WARN__DUPLICATE_METHOD_MATCH = YES;
				COPY_PHASE_STRIP = NO;
				DEBUG_INFORMATION_FORMAT = dwarf;
				ENABLE_STRICT_OBJC_MSGSEND = YES;
				ENABLE_TESTABILITY = YES;
				GCC_C_LANGUAGE_STANDARD = gnu11;
				GCC_DYNAMIC_NO_PIC = NO;
				GCC_NO_COMMON_BLOCKS = YES;
				GCC_OPTIMIZATION_LEVEL = 0;
				GCC_PREPROCESSOR_DEFINITIONS = (
					"DEBUG=1",
					"$(inherited)",
				);
				GCC_WARN_64_TO_32_BIT_CONVERSION = YES;
				GCC_WARN_ABOUT_RETURN_TYPE = YES_ERROR;
				GCC_WARN_UNDECLARED_SELECTOR = YES;
				GCC_WARN_UNINITIALIZED_AUTOS = YES_AGGRESSIVE;
				GCC_WARN_UNUSED_FUNCTION = YES;
				GCC_WARN_UNUSED_VARIABLE = YES;
				IPHONEOS_DEPLOYMENT_TARGET = 16.4;
				MTL_ENABLE_DEBUG_INFO = INCLUDE_SOURCE;
				MTL_FAST_MATH = YES;
				ONLY_ACTIVE_ARCH = YES;
				SDKROOT = iphoneos;
				SWIFT_ACTIVE_COMPILATION_CONDITIONS = DEBUG;
				SWIFT_OPTIMIZATION_LEVEL = "-Onone";
			};
			name = Debug;
		};
		663F716C2AC1E1C80026887D /* Release */ = {
			isa = XCBuildConfiguration;
			buildSettings = {
				ALWAYS_SEARCH_USER_PATHS = NO;
				CLANG_ANALYZER_NONNULL = YES;
				CLANG_ANALYZER_NUMBER_OBJECT_CONVERSION = YES_AGGRESSIVE;
				CLANG_CXX_LANGUAGE_STANDARD = "gnu++20";
				CLANG_ENABLE_MODULES = YES;
				CLANG_ENABLE_OBJC_ARC = YES;
				CLANG_ENABLE_OBJC_WEAK = YES;
				CLANG_WARN_BLOCK_CAPTURE_AUTORELEASING = YES;
				CLANG_WARN_BOOL_CONVERSION = YES;
				CLANG_WARN_COMMA = YES;
				CLANG_WARN_CONSTANT_CONVERSION = YES;
				CLANG_WARN_DEPRECATED_OBJC_IMPLEMENTATIONS = YES;
				CLANG_WARN_DIRECT_OBJC_ISA_USAGE = YES_ERROR;
				CLANG_WARN_DOCUMENTATION_COMMENTS = YES;
				CLANG_WARN_EMPTY_BODY = YES;
				CLANG_WARN_ENUM_CONVERSION = YES;
				CLANG_WARN_INFINITE_RECURSION = YES;
				CLANG_WARN_INT_CONVERSION = YES;
				CLANG_WARN_NON_LITERAL_NULL_CONVERSION = YES;
				CLANG_WARN_OBJC_IMPLICIT_RETAIN_SELF = YES;
				CLANG_WARN_OBJC_LITERAL_CONVERSION = YES;
				CLANG_WARN_OBJC_ROOT_CLASS = YES_ERROR;
				CLANG_WARN_QUOTED_INCLUDE_IN_FRAMEWORK_HEADER = YES;
				CLANG_WARN_RANGE_LOOP_ANALYSIS = YES;
				CLANG_WARN_STRICT_PROTOTYPES = YES;
				CLANG_WARN_SUSPICIOUS_MOVE = YES;
				CLANG_WARN_UNGUARDED_AVAILABILITY = YES_AGGRESSIVE;
				CLANG_WARN_UNREACHABLE_CODE = YES;
				CLANG_WARN__DUPLICATE_METHOD_MATCH = YES;
				COPY_PHASE_STRIP = NO;
				DEBUG_INFORMATION_FORMAT = "dwarf-with-dsym";
				ENABLE_NS_ASSERTIONS = NO;
				ENABLE_STRICT_OBJC_MSGSEND = YES;
				GCC_C_LANGUAGE_STANDARD = gnu11;
				GCC_NO_COMMON_BLOCKS = YES;
				GCC_WARN_64_TO_32_BIT_CONVERSION = YES;
				GCC_WARN_ABOUT_RETURN_TYPE = YES_ERROR;
				GCC_WARN_UNDECLARED_SELECTOR = YES;
				GCC_WARN_UNINITIALIZED_AUTOS = YES_AGGRESSIVE;
				GCC_WARN_UNUSED_FUNCTION = YES;
				GCC_WARN_UNUSED_VARIABLE = YES;
				IPHONEOS_DEPLOYMENT_TARGET = 16.4;
				MTL_ENABLE_DEBUG_INFO = NO;
				MTL_FAST_MATH = YES;
				SDKROOT = iphoneos;
				SWIFT_COMPILATION_MODE = wholemodule;
				SWIFT_OPTIMIZATION_LEVEL = "-O";
				VALIDATE_PRODUCT = YES;
			};
			name = Release;
		};
		663F716E2AC1E1C80026887D /* Debug */ = {
			isa = XCBuildConfiguration;
			buildSettings = {
				ASSETCATALOG_COMPILER_APPICON_NAME = AppIcon;
				ASSETCATALOG_COMPILER_GLOBAL_ACCENT_COLOR_NAME = AccentColor;
				CODE_SIGN_STYLE = Automatic;
				CURRENT_PROJECT_VERSION = 1;
				GENERATE_INFOPLIST_FILE = YES;
				INFOPLIST_FILE = IntroduceMyFamily/Info.plist;
				INFOPLIST_KEY_UIApplicationSupportsIndirectInputEvents = YES;
				INFOPLIST_KEY_UILaunchStoryboardName = LaunchScreen;
				INFOPLIST_KEY_UIMainStoryboardFile = Main;
				INFOPLIST_KEY_UISupportedInterfaceOrientations_iPad = "UIInterfaceOrientationPortrait UIInterfaceOrientationPortraitUpsideDown UIInterfaceOrientationLandscapeLeft UIInterfaceOrientationLandscapeRight";
				INFOPLIST_KEY_UISupportedInterfaceOrientations_iPhone = "UIInterfaceOrientationPortrait UIInterfaceOrientationLandscapeLeft UIInterfaceOrientationLandscapeRight";
				LD_RUNPATH_SEARCH_PATHS = (
					"$(inherited)",
					"@executable_path/Frameworks",
				);
				MARKETING_VERSION = 1.0;
				PRODUCT_BUNDLE_IDENTIFIER = Mt.IntroduceMyFamily;
				PRODUCT_NAME = "$(TARGET_NAME)";
				SWIFT_EMIT_LOC_STRINGS = YES;
				SWIFT_VERSION = 5.0;
				TARGETED_DEVICE_FAMILY = "1,2";
			};
			name = Debug;
		};
		663F716F2AC1E1C80026887D /* Release */ = {
			isa = XCBuildConfiguration;
			buildSettings = {
				ASSETCATALOG_COMPILER_APPICON_NAME = AppIcon;
				ASSETCATALOG_COMPILER_GLOBAL_ACCENT_COLOR_NAME = AccentColor;
				CODE_SIGN_STYLE = Automatic;
				CURRENT_PROJECT_VERSION = 1;
				GENERATE_INFOPLIST_FILE = YES;
				INFOPLIST_FILE = IntroduceMyFamily/Info.plist;
				INFOPLIST_KEY_UIApplicationSupportsIndirectInputEvents = YES;
				INFOPLIST_KEY_UILaunchStoryboardName = LaunchScreen;
				INFOPLIST_KEY_UIMainStoryboardFile = Main;
				INFOPLIST_KEY_UISupportedInterfaceOrientations_iPad = "UIInterfaceOrientationPortrait UIInterfaceOrientationPortraitUpsideDown UIInterfaceOrientationLandscapeLeft UIInterfaceOrientationLandscapeRight";
				INFOPLIST_KEY_UISupportedInterfaceOrientations_iPhone = "UIInterfaceOrientationPortrait UIInterfaceOrientationLandscapeLeft UIInterfaceOrientationLandscapeRight";
				LD_RUNPATH_SEARCH_PATHS = (
					"$(inherited)",
					"@executable_path/Frameworks",
				);
				MARKETING_VERSION = 1.0;
				PRODUCT_BUNDLE_IDENTIFIER = Mt.IntroduceMyFamily;
				PRODUCT_NAME = "$(TARGET_NAME)";
				SWIFT_EMIT_LOC_STRINGS = YES;
				SWIFT_VERSION = 5.0;
				TARGETED_DEVICE_FAMILY = "1,2";
			};
			name = Release;
		};
/* End XCBuildConfiguration section */

/* Begin XCConfigurationList section */
		663F71542AC1E1C70026887D /* Build configuration list for PBXProject "IntroduceMyFamily" */ = {
			isa = XCConfigurationList;
			buildConfigurations = (
				663F716B2AC1E1C80026887D /* Debug */,
				663F716C2AC1E1C80026887D /* Release */,
			);
			defaultConfigurationIsVisible = 0;
			defaultConfigurationName = Release;
		};
		663F716D2AC1E1C80026887D /* Build configuration list for PBXNativeTarget "IntroduceMyFamily" */ = {
			isa = XCConfigurationList;
			buildConfigurations = (
				663F716E2AC1E1C80026887D /* Debug */,
				663F716F2AC1E1C80026887D /* Release */,
			);
			defaultConfigurationIsVisible = 0;
			defaultConfigurationName = Release;
		};
/* End XCConfigurationList section */
	};
	rootObject = 663F71512AC1E1C70026887D /* Project object */;
}
